github.com/TheThingsNetwork/api v0.0.0-20180620113421-22ad17f21fd5 h1:HWtroFGYZ/JCt5naEhEvYTzDd3DpezJMQUERpkDzHL4=
github.com/TheThingsNetwork/api v0.0.0-20180620113421-22ad17f21fd5/go.mod h1:iGcCXFi0My4IJbLSWWlRONaYiMtSjLbdkfFE5xBrgRc=
github.com/TheThingsNetwork/go-account-lib v2.0.3+incompatible h1:pnDIalIqac/VlXenPr+L1XEEf3gIq1eIoZ78S5AP1/s=
github.com/TheThingsNetwork/go-account-lib v2.0.3+incompatible/go.mod h1:nmrzkx0EfOuNktql8t2r0UHPuJBQfeOxOgkWokmicpA=
github.com/TheThingsNetwork/go-utils v0.0.0-20171120090236-94b302f97692 h1:AxGtI2eEY6kGL8OUYtHtTz7LKCxyhXG7CfmgCv5g/8U=
github.com/TheThingsNetwork/go-utils v0.0.0-20171120090236-94b302f97692/go.mod h1:ux1QZ2JrltnJxuZ0VoNbJP1k8Eb5jiMkR3RGDXyBS+o=
github.com/TheThingsNetwork/ttn v2.9.4+incompatible h1:4+hRtaFBh7y+pfavTQrycZNt8CP4uxK9oCFL56cjC7w=
github.com/TheThingsNetwork/ttn v2.9.4+incompatible/go.mod h1:GZBJN4a/1d6dTAXOE7kSRmMV/7F0C+97ZgZeyXHKKQI=
github.com/apex/log v1.0.0 h1:5UWeZC54mWVtOGSCjtuvDPgY/o0QxmjQgvYZ27pLVGQ=
github.com/apex/log v1.0.0/go.mod h1:yA770aXIDQrhVOIGurT/pVdfCpSq1GQV/auzMN5fzvY=
github.com/asaskevich/govalidator v0.0.0-20170927210542-6fcd5b427f53 h1:nnXIwt5b8nb+CT9od4kkfovNhM+x9XAE4jys7mWqRZM=
github.com/asaskevich/govalidator v0.0.0-20170927210542-6fcd5b427f53/go.mod h1:lB+ZfQJz7igIIfQNfa7Ml4HSf2uFQQRzpGGRXenZAgY=
github.com/beorn7/perks v0.0.0-20180321164747-3a771d992973 h1:xJ4a3vCFaGF/jqvzLMYoU8P317H5OQ+Via4RmuPwCS0=
github.com/beorn7/perks v0.0.0-20180321164747-3a771d992973/go.mod h1:Dwedo/Wpr24TaqPxmxbtue+5NUziq4I4S80YR8gNf3Q=
github.com/brocaar/lorawan v0.0.0-20170912083535-493811893ace h1:JsvbG0DceLd3MuGfLZDZM7XxtBJm0RC8EXLdyMW29D4=
github.com/brocaar/lorawan v0.0.0-20170912083535-493811893ace/go.mod h1:kwUChfPyeHBQumTUYBvOkO4prdwMM55wby9Zw9lhzlA=
github.com/dgrijalva/jwt-go v0.0.0-20170608005149-a539ee1a749a h1:nmYyGtn9AO7FCeZ2tHr1ZWjJAHi6SfGB3o80F8o7EbA=
github.com/dgrijalva/jwt-go v0.0.0-20170608005149-a539ee1a749a/go.mod h1:E3ru+11k8xSBh+hMPgOLZmtrrCbhqsmaPHjLKYnJCaQ=
github.com/eclipse/paho.mqtt.golang v1.1.1 h1:iPJYXJLaViCshRTW/PSqImSS6HJ2Rf671WR0bXZ2GIU=
github.com/eclipse/paho.mqtt.golang v1.1.1/go.mod h1:H9keYFcgq3Qr5OUJm/JZI/i6U7joQ8SYLhZwfeOo6Ts=
github.com/gogo/protobuf v1.1.1 h1:72R+M5VuhED/KujmZVcIquuo8mBgX4oVda//DQb3PXo=
github.com/gogo/protobuf v1.1.1/go.mod h1:r8qH/GZQm5c6nD/R0oafs1akxWv10x8SbQlK7atdtwQ=
github.com/golang/mock v1.1.1 h1:G5FRp8JnTd7RQH5kemVNlMeyXQAztQ3mOWV95KxsXH8=
github.com/golang/mock v1.1.1/go.mod h1:oTYuIxOrZwtPieC+H1uAHpcLFnEyAGVDL/k47Jfbm0A=
github.com/golang/protobuf v1.1.0 h1:0iH4Ffd/meGoXqF2lSAhZHt8X+cPgkfn/cb6Cce5Vpc=
github.com/golang/protobuf v1.1.0/go.mod h1:6lQm79b+lXiMfvg/cZm0SGofjICqVBUtrP5yJMmIC1U=
github.com/grpc-ecosystem/go-grpc-prometheus v1.2.0 h1:Ovs26xHkKqVztRpIrF/92BcuyuQ/YW4NSIpoGtfXNho=
github.com/grpc-ecosystem/go-grpc-prometheus v1.2.0/go.mod h1:8NvIoxWQoOIhqOTXgfV/d3M/q6VIi02HzZEHgUlZvzk=
github.com/grpc-ecosystem/grpc-gateway v1.4.1 h1:pX7cnDwSSmG0dR9yNjCQSSpmsJOqFdT7SzVp5Yl9uVw=
github.com/grpc-ecosystem/grpc-gateway v1.4.1/go.mod h1:RSKVYQBd5MCa4OVpNdGskqpgL2+G+NZTnrVHpWWfpdw=
github.com/jacobsa/crypto v0.0.0-20171018231042-c73681c634de h1:9Sz8rziD5u2EHHO+Y/Ygqqi0RmB9Urahb4OwQXhedr0=
github.com/jacobsa/crypto v0.0.0-20171018231042-c73681c634de/go.mod h1:LadVJg0XuawGk+8L1rYnIED8451UyNxEMdTWCEt5kmU=
github.com/matttproud/golang_protobuf_extensions v1.0.1 h1:4hp9jkHxhMHkqkrB3Ix0jegS5sx/RkqARlsWZ6pIwiU=
github.com/matttproud/golang_protobuf_extensions v1.0.1/go.mod h1:D8He9yQNgCq6Z5Ld7szi9bcBfOoFv/3dc6xSMkL2PC0=
github.com/mwitkow/go-grpc-middleware v0.0.0-20170924091004-6d3547c644af h1:OMVBGOyTt42Sw9T5HVnwDLWrUHOCZyUzhVG+Dn+b+UI=
github.com/mwitkow/go-grpc-middleware v0.0.0-20170924091004-6d3547c644af/go.mod h1:wqm8af53+/cILryTaG+dCJS6CsDMVZDxlKh6lSkF19U=
github.com/pkg/errors v0.8.0 h1:WdK/asTD0HN+q6hsWO3/vpuAkAr+tw6aNJNDFFf0+qw=
github.com/pkg/errors v0.8.0/go.mod h1:bwawxfHBFNV+L2hUp1rHADufV3IMtnDRdf1r5NINEl0=
github.com/prometheus/client_golang v0.8.0 h1:1921Yw9Gc3iSc4VQh3PIoOqgPCZS7G/4xQNVUp8Mda8=
github.com/prometheus/client_golang v0.8.0/go.mod h1:7SWBe2y4D6OKWSNQJUaRYU/AaXPKyh/dDVn+NZz0KFw=
github.com/prometheus/client_model v0.0.0-20180712105110-5c3871d89910 h1:idejC8f05m9MGOsuEi1ATq9shN03HrxNkD/luQvxCv8=
github.com/prometheus/client_model v0.0.0-20180712105110-5c3871d89910/go.mod h1:MbSGuTsp3dbXC40dX6PRTWyKYBIrTGTE9sqQNg2J8bo=
github.com/prometheus/common v0.0.0-20180518154759-7600349dcfe1 h1:osmNoEW2SCW3L7EX0km2LYM8HKpNWRiouxjE3XHkyGc=
github.com/prometheus/common v0.0.0-20180518154759-7600349dcfe1/go.mod h1:daVV7qP5qjZbuso7PdcryaAu0sAZbrN9i7WWcTMWvro=
github.com/prometheus/procfs v0.0.0-20180705121852-ae68e2d4c00f h1:c9M4CCa6g8WURSsbrl3lb/w/G1Z5xZpYvhhjdcVDOkE=
github.com/prometheus/procfs v0.0.0-20180705121852-ae68e2d4c00f/go.mod h1:c3At6R/oaqEKCNdg8wHV1ftS6bRYblBhIjjI8uT2IGk=
github.com/smartystreets/assertions v0.0.0-20170925172151-0b37b35ec743 h1:b8jeeClJ1TQznpWsxNb/eN++2qFp0sIsZ+weU5UM7b0=
github.com/smartystreets/assertions v0.0.0-20170925172151-0b37b35ec743/go.mod h1:OnSkiWE9lh6wB0YB77sQom3nweQdgAjqCqsofrRNTgc=
golang.org/x/net v0.0.0-20180719180050-a680a1efc54d h1:i6RB+Qz1ug7TvJdY4zieRMpnLAtkHSHTOvApNXfLT4A=
golang.org/x/net v0.0.0-20180719180050-a680a1efc54d/go.mod h1:mL1N/T3taQHkDXs73rZJwtUhF3w3ftmwwsq0BUmARs4=
golang.org/x/oauth2 v0.0.0-20180620175406-ef147856a6dd h1:QQhib242ErYDSMitlBm8V7wYCm/1a25hV8qMadIKLPA=
golang.org/x/oauth2 v0.0.0-20180620175406-ef147856a6dd/go.mod h1:N/0e6XlmueqKjAGxoOufVs8QHGRruUQn6yWY3a++T0U=
golang.org/x/text v0.3.0 h1:g61tztE5qeGQ89tm6NTjjM9VPIm088od1l6aSorWRWg=
golang.org/x/text v0.3.0/go.mod h1:NqM8EUOU14njkJ3fqMW+pc6Ldnwhi/IjpwHt7yyuwOQ=
google.golang.org/appengine v1.1.0/go.mod h1:EbEs0AVv82hx2wNQdGPgUI5lhzA/G0D9YwlJXL52JkM=
google.golang.org/genproto v0.0.0-20180718234121-fedd2861243f h1:f+hrkCD3gqmC3HtyrSZOJvIxz5po9e07AleRRsiZfLg=
google.golang.org/genproto v0.0.0-20180718234121-fedd2861243f/go.mod h1:JiN7NxoALGmiZfu7CAH4rXhgtRTLTxftemlI0sWmxmc=
google.golang.org/grpc v1.13.0 h1:bHIbVsCwmvbArgCJmLdgOdHFXlKqTOVjbibbS19cXHc=
google.golang.org/grpc v1.13.0/go.mod h1:yo6s7OP7yaDglbqo1J04qKzAhqBH6lvTonzMVmEdcZw=
gopkg.in/redis.v5 v5.2.9 h1:MNZYOLPomQzZMfpN3ZtD1uyJ2IDonTTlxYiV/pEApiw=
gopkg.in/redis.v5 v5.2.9/go.mod h1:6gtv0/+A4iM08kdRfocWYB3bLX2tebpNtfKlFT6H4mY=
