# This file is autogenerated, do not edit; changes may be undone by the next 'dep ensure'.


[[projects]]
  branch = "master"
  digest = "1:f50026964e39d1aa30eb07c6ca12de1371e4e8e6f2de108dbbbb5cd4d816d7a2"
  name = "github.com/TheThingsNetwork/api"
  packages = [
    ".",
    "broker",
    "discovery",
    "gateway",
    "handler",
    "protocol",
    "protocol/lorawan",
    "trace",
  ]
  pruneopts = "UT"
  revision = "22ad17f21fd52dca346a3bb4d4c9889dd9636f7d"

[[projects]]
  digest = "1:3214d6506476068bd1cdab93c4b9ce4a45ae9a0575cc068a49248f435294f750"
  name = "github.com/TheThingsNetwork/go-account-lib"
  packages = [
    "account",
    "auth",
    "cache",
    "claims",
    "scope",
    "tokenkey",
    "tokens",
    "util",
  ]
  pruneopts = "UT"
  revision = "8350c2859c3b2079544ceb435efdf15f83fd559f"
  version = "v2.0.3"

[[projects]]
  branch = "master"
  digest = "1:7a4e02bd59c2447a433c68bdca807c30b1ca9eba8d8077b1e58cf059359a287c"
  name = "github.com/TheThingsNetwork/go-utils"
  packages = [
    "backoff",
    "grpc/restartstream",
    "grpc/rpcerror",
    "grpc/rpclog",
    "grpc/ttnctx",
    "handlers/cli",
    "log",
    "log/apex",
    "log/test",
    "pseudorandom",
    "random",
    "roots",
  ]
  pruneopts = "UT"
  revision = "94b302f97692ab162f91ef7fef84e7c32598c220"

[[projects]]
  digest = "1:31807a60f41682e6fbb89cfcc1846a5c7f34412630579d5bbe5dcf4fb6e2cca3"
  name = "github.com/TheThingsNetwork/ttn"
  packages = [
    "api/pool",
    "core/types",
    "mqtt",
    "utils/errors",
    "utils/random",
  ]
  pruneopts = "UT"
  revision = "30fef4cf5ff156407f21401fa76c3dec439eeea3"
  version = "v2.9.4"

[[projects]]
  digest = "1:c9febde1065fca567efb4ed578037c6b777d0eff79fa665d20953f41521e388a"
  name = "github.com/apex/log"
  packages = [
    ".",
    "handlers/text",
  ]
  pruneopts = "UT"
  revision = "0296d6eb16bb28f8a0c55668affcf4876dc269be"
  version = "v1.0.0"

[[projects]]
  digest = "1:d1b8cc6395a6253fdecb7dfb4d72121b0538fea87ad7e954837c39ae7043f39e"
  name = "github.com/asaskevich/govalidator"
  packages = ["."]
  pruneopts = "UT"
  revision = "6fcd5b427f532a5d13738b27415e00a49e36ceef"

[[projects]]
  branch = "master"
  digest = "1:d6afaeed1502aa28e80a4ed0981d570ad91b2579193404256ce672ed0a609e0d"
  name = "github.com/beorn7/perks"
  packages = ["quantile"]
  pruneopts = "UT"
  revision = "3a771d992973f24aa725d07868b467d1ddfceafb"

[[projects]]
  digest = "1:c829d6b60e09c9bb8cd40dfbef0db8153a7476984e7a8742fc6a87d198359d25"
  name = "github.com/brocaar/lorawan"
  packages = [
    ".",
    "band",
  ]
  pruneopts = "UT"
  revision = "493811893ace2e3e4db4bb8e402ce28b72a04198"

[[projects]]
  digest = "1:6cb5bf34f3e3bb61e76d976f5bd29d245b567f208e1fd7cb8104b736a5eb649d"
  name = "github.com/dgrijalva/jwt-go"
  packages = ["."]
  pruneopts = "UT"
  revision = "a539ee1a749a2b895533f979515ac7e6e0f5b650"

[[projects]]
  digest = "1:4c61673d6ba5cb8d910c62f8174a5ace21be59e80fff66d9de38d931944fa2a1"
  name = "github.com/eclipse/paho.mqtt.golang"
  packages = [
    ".",
    "packets",
  ]
  pruneopts = "UT"
  revision = "36d01c2b4cbeb3d2a12063e4880ce30800af9560"
  version = "v1.1.1"

[[projects]]
  digest = "1:aba5dd7a1a4fa837ba58827bc050e2a0f3652c84a07df86c2f61ab374d0899b6"
  name = "github.com/gogo/protobuf"
  packages = [
    "gogoproto",
    "proto",
    "protoc-gen-gogo/descriptor",
    "sortkeys",
    "types",
  ]
  pruneopts = "UT"
  revision = "636bf0302bc95575d69441b25a2603156ffdddf1"
  version = "v1.1.1"

[[projects]]
  digest = "1:bc38c7c481812e178d85160472e231c5e1c9a7f5845d67e23ee4e706933c10d8"
  name = "github.com/golang/mock"
  packages = ["gomock"]
  pruneopts = "UT"
  revision = "c34cdb4725f4c3844d095133c6e40e448b86589b"
  version = "v1.1.1"

[[projects]]
  digest = "1:5128d4076311c01eed979c9096860f565b7772c806f426131b37240bbc00ccc8"
  name = "github.com/golang/protobuf"
  packages = [
    "jsonpb",
    "proto",
    "protoc-gen-go/descriptor",
    "ptypes",
    "ptypes/any",
    "ptypes/duration",
    "ptypes/struct",
    "ptypes/timestamp",
  ]
  pruneopts = "UT"
  revision = "b4deda0973fb4c70b50d226b1af49f3da59f5265"
  version = "v1.1.0"

[[projects]]
  digest = "1:9b7a07ac7577787a8ecc1334cb9f34df1c76ed82a917d556c5713d3ab84fbc43"
  name = "github.com/grpc-ecosystem/go-grpc-prometheus"
  packages = ["."]
  pruneopts = "UT"
  revision = "c225b8c3b01faf2899099b768856a9e916e5087b"
  version = "v1.2.0"

[[projects]]
  digest = "1:4df19d38aa8efc5648954a56630305d0c4ad9bd22531c31f9617b110bc12d00e"
  name = "github.com/grpc-ecosystem/grpc-gateway"
  packages = [
    "runtime",
    "runtime/internal",
    "utilities",
  ]
  pruneopts = "UT"
  revision = "92583770e3f01b09a0d3e9bdf64321d8bebd48f2"
  version = "v1.4.1"

[[projects]]
  branch = "master"
  digest = "1:489536052bc7744088c06ea72c3167a1adccfa206056489700daecafdad26a26"
  name = "github.com/jacobsa/crypto"
  packages = [
    "cmac",
    "common",
  ]
  pruneopts = "UT"
  revision = "c73681c634de898c869684602cf0c0d2ce938c4d"

[[projects]]
  digest = "1:ff5ebae34cfbf047d505ee150de27e60570e8c394b3b8fdbb720ff6ac71985fc"
  name = "github.com/matttproud/golang_protobuf_extensions"
  packages = ["pbutil"]
  pruneopts = "UT"
  revision = "c12348ce28de40eed0136aa2b644d0ee0650e56c"
  version = "v1.0.1"

[[projects]]
  digest = "1:0b09325da068c56158958bf7f261af24de874cbbef1448cdf78780be11e048d3"
  name = "github.com/mwitkow/go-grpc-middleware"
  packages = ["."]
  pruneopts = "UT"
  revision = "6d3547c644afb325c16df96e3c7177ea6e2fdebd"

[[projects]]
  digest = "1:40e195917a951a8bf867cd05de2a46aaf1806c50cf92eebf4c16f78cd196f747"
  name = "github.com/pkg/errors"
  packages = ["."]
  pruneopts = "UT"
  revision = "645ef00459ed84a119197bfb8d8205042c6df63d"
  version = "v0.8.0"

[[projects]]
  digest = "1:b6221ec0f8903b556e127c449e7106b63e6867170c2d10a7c058623d086f2081"
  name = "github.com/prometheus/client_golang"
  packages = ["prometheus"]
  pruneopts = "UT"
  revision = "c5b7fccd204277076155f10851dad72b76a49317"
  version = "v0.8.0"

[[projects]]
  branch = "master"
  digest = "1:0f37e09b3e92aaeda5991581311f8dbf38944b36a3edec61cc2d1991f527554a"
  name = "github.com/prometheus/client_model"
  packages = ["go"]
  pruneopts = "UT"
  revision = "5c3871d89910bfb32f5fcab2aa4b9ec68e65a99f"

[[projects]]
  branch = "master"
  digest = "1:4d291d51042ed9de40eef61a3c1b56e969d6e0f8aa5fd3da5e958ec66bee68e4"
  name = "github.com/prometheus/common"
  packages = [
    "expfmt",
    "internal/bitbucket.org/ww/goautoneg",
    "model",
  ]
  pruneopts = "UT"
  revision = "7600349dcfe1abd18d72d3a1770870d9800a7801"

[[projects]]
  branch = "master"
  digest = "1:55d7449d6987dabf272b4e81b2f9c449f05b17415c939b68d1e82f57e3374b7f"
  name = "github.com/prometheus/procfs"
  packages = [
    ".",
    "internal/util",
    "nfs",
    "xfs",
  ]
  pruneopts = "UT"
  revision = "ae68e2d4c00fed4943b5f6698d504a5fe083da8a"

[[projects]]
  digest = "1:39195b70e6940a8345e672dbb650e5e340ee1b16652f7462a7f6c5654bc15688"
  name = "github.com/smartystreets/assertions"
  packages = [
    ".",
    "internal/go-render/render",
    "internal/oglematchers",
  ]
  pruneopts = "UT"
  revision = "0b37b35ec7434b77e77a4bb29b79677cced992ea"
  version = "1.8.1"

[[projects]]
  branch = "master"
  digest = "1:12ceb6e6eec6a49b76651d6913a2c4ce077586ae42421132b60bd2c00e225f35"
  name = "golang.org/x/net"
  packages = [
    "context",
    "context/ctxhttp",
    "http/httpguts",
    "http2",
    "http2/hpack",
    "idna",
    "internal/socks",
    "internal/timeseries",
    "proxy",
    "trace",
    "websocket",
  ]
  pruneopts = "UT"
  revision = "a680a1efc54dd51c040b3b5ce4939ea3cf2ea0d1"

[[projects]]
  branch = "master"
  digest = "1:88f59611964f1c8800edc47686863dcef65dfec0605a1f69881c759f1d6e1a06"
  name = "golang.org/x/oauth2"
  packages = [
    ".",
    "internal",
  ]
  pruneopts = "UT"
  revision = "ef147856a6ddbb60760db74283d2424e98c87bff"

[[projects]]
  digest = "1:7509ba4347d1f8de6ae9be8818b0cd1abc3deeffe28aeaf4be6d4b6b5178d9ca"
  name = "golang.org/x/text"
  packages = [
    "collate",
    "collate/build",
    "internal/colltab",
    "internal/gen",
    "internal/tag",
    "internal/triegen",
    "internal/ucd",
    "language",
    "secure/bidirule",
    "transform",
    "unicode/bidi",
    "unicode/cldr",
    "unicode/norm",
    "unicode/rangetable",
  ]
  pruneopts = "UT"
  revision = "f21a4dfb5e38f5895301dc265a8def02365cc3d0"
  version = "v0.3.0"

[[projects]]
  digest = "1:1df608126759f99976e509eef1645a75a3bb5472d2fc57cf0664444d13915a23"
  name = "google.golang.org/appengine"
  packages = [
    "internal",
    "internal/base",
    "internal/datastore",
    "internal/log",
    "internal/remote_api",
    "internal/urlfetch",
    "urlfetch",
  ]
  pruneopts = "UT"
  revision = "b1f26356af11148e710935ed1ac8a7f5702c7612"
  version = "v1.1.0"

[[projects]]
  branch = "master"
  digest = "1:924394986a8dbd26970da8adb0ad37d65fbfcd07d9b55f0e4eebd0a1afaaa890"
  name = "google.golang.org/genproto"
  packages = [
    "googleapis/api/annotations",
    "googleapis/rpc/status",
  ]
  pruneopts = "UT"
  revision = "fedd2861243fd1a8152376292b921b394c7bef7e"

[[projects]]
  digest = "1:4515e3030c440845b046354fd5d57671238428b820deebce2e9dabb5cd3c51ac"
  name = "google.golang.org/grpc"
  packages = [
    ".",
    "balancer",
    "balancer/base",
    "balancer/roundrobin",
    "codes",
    "connectivity",
    "credentials",
    "encoding",
    "encoding/proto",
    "grpclog",
    "internal",
    "internal/backoff",
    "internal/channelz",
    "internal/grpcrand",
    "keepalive",
    "metadata",
    "naming",
    "peer",
    "resolver",
    "resolver/dns",
    "resolver/passthrough",
    "stats",
    "status",
    "tap",
    "transport",
  ]
  pruneopts = "UT"
  revision = "168a6198bcb0ef175f7dacec0b8691fc141dc9b8"
  version = "v1.13.0"

[[projects]]
  digest = "1:f868d65f564612a6d9575752cbde94423020592306a684b2208b62d8db2522a1"
  name = "gopkg.in/redis.v5"
  packages = [
    ".",
    "internal",
    "internal/consistenthash",
    "internal/hashtag",
    "internal/pool",
    "internal/proto",
  ]
  pruneopts = "UT"
  revision = "a16aeec10ff407b1e7be6dd35797ccf5426ef0f0"
  version = "v5.2.9"

[solve-meta]
  analyzer-name = "dep"
  analyzer-version = 1
  input-imports = [
    "github.com/TheThingsNetwork/api/discovery",
    "github.com/TheThingsNetwork/api/handler",
    "github.com/TheThingsNetwork/api/protocol/lorawan",
    "github.com/TheThingsNetwork/go-account-lib/account",
    "github.com/TheThingsNetwork/go-utils/grpc/restartstream",
    "github.com/TheThingsNetwork/go-utils/grpc/rpclog",
    "github.com/TheThingsNetwork/go-utils/grpc/ttnctx",
    "github.com/TheThingsNetwork/go-utils/log",
    "github.com/TheThingsNetwork/go-utils/log/apex",
    "github.com/TheThingsNetwork/go-utils/log/test",
    "github.com/TheThingsNetwork/go-utils/random",
    "github.com/TheThingsNetwork/ttn/core/types",
    "github.com/TheThingsNetwork/ttn/mqtt",
    "github.com/gogo/protobuf/types",
    "github.com/mwitkow/go-grpc-middleware",
    "github.com/smartystreets/assertions",
    "golang.org/x/net/context",
    "google.golang.org/grpc",
    "google.golang.org/grpc/credentials",
  ]
  solver-name = "gps-cdcl"
  solver-version = 1
